// !$*UTF8*$!
{
	archiveVersion = 1;
	classes = {
	};
	objectVersion = 55;
	objects = {

/* Begin PBXBuildFile section */
		506257E370A600E4BF184A17 /* Pods_StorageService.framework in Frameworks */ = {isa = PBXBuildFile; fileRef = 578720B54FD8BBFA4D5A4A9A /* Pods_StorageService.framework */; };
		5BAA55617B95371148D95C94 /* Pods_StorageService_StorageServiceTests.framework in Frameworks */ = {isa = PBXBuildFile; fileRef = 5D65F791F6B049CF3FDD68A8 /* Pods_StorageService_StorageServiceTests.framework */; };
		ED9182082F94AF0DEEB06ACD /* Pods_Navigation.framework in Frameworks */ = {isa = PBXBuildFile; fileRef = 6B6C861E0E71B4D0309903DA /* Pods_Navigation.framework */; };
		FD342F192872273F00E8A398 /* StorageService.docc in Sources */ = {isa = PBXBuildFile; fileRef = FD342F182872273F00E8A398 /* StorageService.docc */; };
		FD342F1F2872274000E8A398 /* StorageService.framework in Frameworks */ = {isa = PBXBuildFile; fileRef = FD342F152872273F00E8A398 /* StorageService.framework */; };
		FD342F262872274000E8A398 /* StorageServiceTests.swift in Sources */ = {isa = PBXBuildFile; fileRef = FD342F252872274000E8A398 /* StorageServiceTests.swift */; };
		FD342F272872274000E8A398 /* StorageService.h in Headers */ = {isa = PBXBuildFile; fileRef = FD342F172872273F00E8A398 /* StorageService.h */; settings = {ATTRIBUTES = (Public, ); }; };
		FD342F2A2872274000E8A398 /* StorageService.framework in Frameworks */ = {isa = PBXBuildFile; fileRef = FD342F152872273F00E8A398 /* StorageService.framework */; };
		FD342F2B2872274000E8A398 /* StorageService.framework in Embed Frameworks */ = {isa = PBXBuildFile; fileRef = FD342F152872273F00E8A398 /* StorageService.framework */; settings = {ATTRIBUTES = (CodeSignOnCopy, RemoveHeadersOnCopy, ); }; };
		FD71F6302821854600222F81 /* AppDelegate.swift in Sources */ = {isa = PBXBuildFile; fileRef = FD71F62F2821854600222F81 /* AppDelegate.swift */; };
		FD71F6322821854600222F81 /* SceneDelegate.swift in Sources */ = {isa = PBXBuildFile; fileRef = FD71F6312821854600222F81 /* SceneDelegate.swift */; };
		FD71F6342821854600222F81 /* ViewController.swift in Sources */ = {isa = PBXBuildFile; fileRef = FD71F6332821854600222F81 /* ViewController.swift */; };
		FD71F6392821854700222F81 /* Assets.xcassets in Resources */ = {isa = PBXBuildFile; fileRef = FD71F6382821854700222F81 /* Assets.xcassets */; };
		FD71F63C2821854700222F81 /* LaunchScreen.storyboard in Resources */ = {isa = PBXBuildFile; fileRef = FD71F63A2821854700222F81 /* LaunchScreen.storyboard */; };
		FD71F64E2822FD6600222F81 /* FeedViewController.swift in Sources */ = {isa = PBXBuildFile; fileRef = FD71F64D2822FD6600222F81 /* FeedViewController.swift */; };
		FD71F6502822FD7E00222F81 /* ProfileViewController.swift in Sources */ = {isa = PBXBuildFile; fileRef = FD71F64F2822FD7E00222F81 /* ProfileViewController.swift */; };
		FD71F65B2827E1B300222F81 /* ProfileHeaderView.swift in Sources */ = {isa = PBXBuildFile; fileRef = FD71F65A2827E1B300222F81 /* ProfileHeaderView.swift */; };
		FD71F6A92854849D00222F81 /* LogInViewController.swift in Sources */ = {isa = PBXBuildFile; fileRef = FD71F6A82854849D00222F81 /* LogInViewController.swift */; };
		FD71F6AD2855246000222F81 /* CustomUITextField.swift in Sources */ = {isa = PBXBuildFile; fileRef = FD71F6AC2855246000222F81 /* CustomUITextField.swift */; };
		FD71F6B32855487700222F81 /* UIView+Extention.swift in Sources */ = {isa = PBXBuildFile; fileRef = FD71F6B22855487700222F81 /* UIView+Extention.swift */; };
		FD71F6DD285BC4BD00222F81 /* PhotoModel.swift in Sources */ = {isa = PBXBuildFile; fileRef = FD71F6DC285BC4BD00222F81 /* PhotoModel.swift */; };
		FD71F6DF285BC63200222F81 /* PhotosTableViewCell.swift in Sources */ = {isa = PBXBuildFile; fileRef = FD71F6DE285BC63200222F81 /* PhotosTableViewCell.swift */; };
		FD7A5C92287234EB0000D1F6 /* InfoViewController.swift in Sources */ = {isa = PBXBuildFile; fileRef = FD71F6532822FE0F00222F81 /* InfoViewController.swift */; };
		FD7A5C96287235400000D1F6 /* PostTableViewCell.swift in Sources */ = {isa = PBXBuildFile; fileRef = FD71F6B028553E2C00222F81 /* PostTableViewCell.swift */; };
		FD7A5C97287235400000D1F6 /* PostViewController.swift in Sources */ = {isa = PBXBuildFile; fileRef = FD71F6512822FDF100222F81 /* PostViewController.swift */; };
		FD7A5C98287235400000D1F6 /* PostModel.swift in Sources */ = {isa = PBXBuildFile; fileRef = FD71F6AE285529A700222F81 /* PostModel.swift */; };
		FD7A5C9B2872356C0000D1F6 /* Post.swift in Sources */ = {isa = PBXBuildFile; fileRef = FD71F6552827D93900222F81 /* Post.swift */; };
		FDA1EB9C287ADBE2008DB36D /* iOSIntPackage in Frameworks */ = {isa = PBXBuildFile; productRef = FDA1EB9B287ADBE2008DB36D /* iOSIntPackage */; };
		FDA1EBA0287CB040008DB36D /* User.swift in Sources */ = {isa = PBXBuildFile; fileRef = FDA1EB9F287CB040008DB36D /* User.swift */; };
		FDA1EBA2287CB0CB008DB36D /* UserService.swift in Sources */ = {isa = PBXBuildFile; fileRef = FDA1EBA1287CB0CB008DB36D /* UserService.swift */; };
		FDA1EBA4287CB191008DB36D /* CurrentUserService.swift in Sources */ = {isa = PBXBuildFile; fileRef = FDA1EBA3287CB191008DB36D /* CurrentUserService.swift */; };
		FDA1EBA8287E0EAD008DB36D /* TestUserService.swift in Sources */ = {isa = PBXBuildFile; fileRef = FDA1EBA7287E0EAD008DB36D /* TestUserService.swift */; };
		FDF3ADDB285E659700FF7292 /* PhotosViewController.swift in Sources */ = {isa = PBXBuildFile; fileRef = FDF3ADDA285E659600FF7292 /* PhotosViewController.swift */; };
		FDF3ADDD285E6B5100FF7292 /* PhotosCollectionViewCell.swift in Sources */ = {isa = PBXBuildFile; fileRef = FDF3ADDC285E6B5100FF7292 /* PhotosCollectionViewCell.swift */; };
		FDF3ADDF285FA15A00FF7292 /* MiniPhotosCollectionViewCell.swift in Sources */ = {isa = PBXBuildFile; fileRef = FDF3ADDE285FA15A00FF7292 /* MiniPhotosCollectionViewCell.swift */; };
		FDF3AE012865A8CD00FF7292 /* PhotoConstants.swift in Sources */ = {isa = PBXBuildFile; fileRef = FDF3AE002865A8CD00FF7292 /* PhotoConstants.swift */; };
/* End PBXBuildFile section */

/* Begin PBXContainerItemProxy section */
		FD342F202872274000E8A398 /* PBXContainerItemProxy */ = {
			isa = PBXContainerItemProxy;
			containerPortal = FD71F6242821854600222F81 /* Project object */;
			proxyType = 1;
			remoteGlobalIDString = FD342F142872273F00E8A398;
			remoteInfo = StorageService;
		};
		FD342F222872274000E8A398 /* PBXContainerItemProxy */ = {
			isa = PBXContainerItemProxy;
			containerPortal = FD71F6242821854600222F81 /* Project object */;
			proxyType = 1;
			remoteGlobalIDString = FD71F62B2821854600222F81;
			remoteInfo = Navigation;
		};
		FD342F282872274000E8A398 /* PBXContainerItemProxy */ = {
			isa = PBXContainerItemProxy;
			containerPortal = FD71F6242821854600222F81 /* Project object */;
			proxyType = 1;
			remoteGlobalIDString = FD342F142872273F00E8A398;
			remoteInfo = StorageService;
		};
/* End PBXContainerItemProxy section */

/* Begin PBXCopyFilesBuildPhase section */
		FD342F2F2872274000E8A398 /* Embed Frameworks */ = {
			isa = PBXCopyFilesBuildPhase;
			buildActionMask = 2147483647;
			dstPath = "";
			dstSubfolderSpec = 10;
			files = (
				FD342F2B2872274000E8A398 /* StorageService.framework in Embed Frameworks */,
			);
			name = "Embed Frameworks";
			runOnlyForDeploymentPostprocessing = 0;
		};
/* End PBXCopyFilesBuildPhase section */

/* Begin PBXFileReference section */
		1F2BDBC440F3C2B151766985 /* Pods-Navigation.release.xcconfig */ = {isa = PBXFileReference; includeInIndex = 1; lastKnownFileType = text.xcconfig; name = "Pods-Navigation.release.xcconfig"; path = "Target Support Files/Pods-Navigation/Pods-Navigation.release.xcconfig"; sourceTree = "<group>"; };
		37B2530415C4BEA3A81F1416 /* Pods-StorageService.debug.xcconfig */ = {isa = PBXFileReference; includeInIndex = 1; lastKnownFileType = text.xcconfig; name = "Pods-StorageService.debug.xcconfig"; path = "Target Support Files/Pods-StorageService/Pods-StorageService.debug.xcconfig"; sourceTree = "<group>"; };
		578720B54FD8BBFA4D5A4A9A /* Pods_StorageService.framework */ = {isa = PBXFileReference; explicitFileType = wrapper.framework; includeInIndex = 0; path = Pods_StorageService.framework; sourceTree = BUILT_PRODUCTS_DIR; };
		5D65F791F6B049CF3FDD68A8 /* Pods_StorageService_StorageServiceTests.framework */ = {isa = PBXFileReference; explicitFileType = wrapper.framework; includeInIndex = 0; path = Pods_StorageService_StorageServiceTests.framework; sourceTree = BUILT_PRODUCTS_DIR; };
		6B6C861E0E71B4D0309903DA /* Pods_Navigation.framework */ = {isa = PBXFileReference; explicitFileType = wrapper.framework; includeInIndex = 0; path = Pods_Navigation.framework; sourceTree = BUILT_PRODUCTS_DIR; };
		88BDEBC4443F1AE64DCFC73F /* Pods-Navigation.debug.xcconfig */ = {isa = PBXFileReference; includeInIndex = 1; lastKnownFileType = text.xcconfig; name = "Pods-Navigation.debug.xcconfig"; path = "Target Support Files/Pods-Navigation/Pods-Navigation.debug.xcconfig"; sourceTree = "<group>"; };
		A02FFC10ECFACFFA197670E9 /* Pods-StorageService-StorageServiceTests.release.xcconfig */ = {isa = PBXFileReference; includeInIndex = 1; lastKnownFileType = text.xcconfig; name = "Pods-StorageService-StorageServiceTests.release.xcconfig"; path = "Target Support Files/Pods-StorageService-StorageServiceTests/Pods-StorageService-StorageServiceTests.release.xcconfig"; sourceTree = "<group>"; };
		C1E3CA45374FFC33E857989B /* Pods-StorageService.release.xcconfig */ = {isa = PBXFileReference; includeInIndex = 1; lastKnownFileType = text.xcconfig; name = "Pods-StorageService.release.xcconfig"; path = "Target Support Files/Pods-StorageService/Pods-StorageService.release.xcconfig"; sourceTree = "<group>"; };
		E6E67EB2936EB93AEB2BEB95 /* Pods-StorageService-StorageServiceTests.debug.xcconfig */ = {isa = PBXFileReference; includeInIndex = 1; lastKnownFileType = text.xcconfig; name = "Pods-StorageService-StorageServiceTests.debug.xcconfig"; path = "Target Support Files/Pods-StorageService-StorageServiceTests/Pods-StorageService-StorageServiceTests.debug.xcconfig"; sourceTree = "<group>"; };
		FD342F152872273F00E8A398 /* StorageService.framework */ = {isa = PBXFileReference; explicitFileType = wrapper.framework; includeInIndex = 0; path = StorageService.framework; sourceTree = BUILT_PRODUCTS_DIR; };
		FD342F172872273F00E8A398 /* StorageService.h */ = {isa = PBXFileReference; lastKnownFileType = sourcecode.c.h; path = StorageService.h; sourceTree = "<group>"; };
		FD342F182872273F00E8A398 /* StorageService.docc */ = {isa = PBXFileReference; lastKnownFileType = folder.documentationcatalog; path = StorageService.docc; sourceTree = "<group>"; };
		FD342F1E2872274000E8A398 /* StorageServiceTests.xctest */ = {isa = PBXFileReference; explicitFileType = wrapper.cfbundle; includeInIndex = 0; path = StorageServiceTests.xctest; sourceTree = BUILT_PRODUCTS_DIR; };
		FD342F252872274000E8A398 /* StorageServiceTests.swift */ = {isa = PBXFileReference; lastKnownFileType = sourcecode.swift; path = StorageServiceTests.swift; sourceTree = "<group>"; };
		FD71F62C2821854600222F81 /* Navigation.app */ = {isa = PBXFileReference; explicitFileType = wrapper.application; includeInIndex = 0; path = Navigation.app; sourceTree = BUILT_PRODUCTS_DIR; };
		FD71F62F2821854600222F81 /* AppDelegate.swift */ = {isa = PBXFileReference; lastKnownFileType = sourcecode.swift; path = AppDelegate.swift; sourceTree = "<group>"; };
		FD71F6312821854600222F81 /* SceneDelegate.swift */ = {isa = PBXFileReference; lastKnownFileType = sourcecode.swift; path = SceneDelegate.swift; sourceTree = "<group>"; };
		FD71F6332821854600222F81 /* ViewController.swift */ = {isa = PBXFileReference; lastKnownFileType = sourcecode.swift; path = ViewController.swift; sourceTree = "<group>"; };
		FD71F6382821854700222F81 /* Assets.xcassets */ = {isa = PBXFileReference; lastKnownFileType = folder.assetcatalog; path = Assets.xcassets; sourceTree = "<group>"; };
		FD71F63B2821854700222F81 /* Base */ = {isa = PBXFileReference; lastKnownFileType = file.storyboard; name = Base; path = Base.lproj/LaunchScreen.storyboard; sourceTree = "<group>"; };
		FD71F63D2821854700222F81 /* Info.plist */ = {isa = PBXFileReference; lastKnownFileType = text.plist.xml; path = Info.plist; sourceTree = "<group>"; };
		FD71F64D2822FD6600222F81 /* FeedViewController.swift */ = {isa = PBXFileReference; lastKnownFileType = sourcecode.swift; path = FeedViewController.swift; sourceTree = "<group>"; };
		FD71F64F2822FD7E00222F81 /* ProfileViewController.swift */ = {isa = PBXFileReference; lastKnownFileType = sourcecode.swift; path = ProfileViewController.swift; sourceTree = "<group>"; };
		FD71F6512822FDF100222F81 /* PostViewController.swift */ = {isa = PBXFileReference; lastKnownFileType = sourcecode.swift; path = PostViewController.swift; sourceTree = "<group>"; };
		FD71F6532822FE0F00222F81 /* InfoViewController.swift */ = {isa = PBXFileReference; lastKnownFileType = sourcecode.swift; path = InfoViewController.swift; sourceTree = "<group>"; };
		FD71F6552827D93900222F81 /* Post.swift */ = {isa = PBXFileReference; lastKnownFileType = sourcecode.swift; path = Post.swift; sourceTree = "<group>"; };
		FD71F65A2827E1B300222F81 /* ProfileHeaderView.swift */ = {isa = PBXFileReference; lastKnownFileType = sourcecode.swift; path = ProfileHeaderView.swift; sourceTree = "<group>"; };
		FD71F6A82854849D00222F81 /* LogInViewController.swift */ = {isa = PBXFileReference; lastKnownFileType = sourcecode.swift; path = LogInViewController.swift; sourceTree = "<group>"; };
		FD71F6AC2855246000222F81 /* CustomUITextField.swift */ = {isa = PBXFileReference; lastKnownFileType = sourcecode.swift; path = CustomUITextField.swift; sourceTree = "<group>"; };
		FD71F6AE285529A700222F81 /* PostModel.swift */ = {isa = PBXFileReference; lastKnownFileType = sourcecode.swift; path = PostModel.swift; sourceTree = "<group>"; };
		FD71F6B028553E2C00222F81 /* PostTableViewCell.swift */ = {isa = PBXFileReference; lastKnownFileType = sourcecode.swift; path = PostTableViewCell.swift; sourceTree = "<group>"; };
		FD71F6B22855487700222F81 /* UIView+Extention.swift */ = {isa = PBXFileReference; lastKnownFileType = sourcecode.swift; path = "UIView+Extention.swift"; sourceTree = "<group>"; };
		FD71F6DC285BC4BD00222F81 /* PhotoModel.swift */ = {isa = PBXFileReference; lastKnownFileType = sourcecode.swift; path = PhotoModel.swift; sourceTree = "<group>"; };
		FD71F6DE285BC63200222F81 /* PhotosTableViewCell.swift */ = {isa = PBXFileReference; lastKnownFileType = sourcecode.swift; path = PhotosTableViewCell.swift; sourceTree = "<group>"; };
		FDA1EB9F287CB040008DB36D /* User.swift */ = {isa = PBXFileReference; lastKnownFileType = sourcecode.swift; path = User.swift; sourceTree = "<group>"; };
		FDA1EBA1287CB0CB008DB36D /* UserService.swift */ = {isa = PBXFileReference; lastKnownFileType = sourcecode.swift; path = UserService.swift; sourceTree = "<group>"; };
		FDA1EBA3287CB191008DB36D /* CurrentUserService.swift */ = {isa = PBXFileReference; lastKnownFileType = sourcecode.swift; path = CurrentUserService.swift; sourceTree = "<group>"; };
		FDA1EBA7287E0EAD008DB36D /* TestUserService.swift */ = {isa = PBXFileReference; lastKnownFileType = sourcecode.swift; path = TestUserService.swift; sourceTree = "<group>"; };
		FDF3ADDA285E659600FF7292 /* PhotosViewController.swift */ = {isa = PBXFileReference; lastKnownFileType = sourcecode.swift; path = PhotosViewController.swift; sourceTree = "<group>"; };
		FDF3ADDC285E6B5100FF7292 /* PhotosCollectionViewCell.swift */ = {isa = PBXFileReference; lastKnownFileType = sourcecode.swift; path = PhotosCollectionViewCell.swift; sourceTree = "<group>"; };
		FDF3ADDE285FA15A00FF7292 /* MiniPhotosCollectionViewCell.swift */ = {isa = PBXFileReference; lastKnownFileType = sourcecode.swift; path = MiniPhotosCollectionViewCell.swift; sourceTree = "<group>"; };
		FDF3AE002865A8CD00FF7292 /* PhotoConstants.swift */ = {isa = PBXFileReference; lastKnownFileType = sourcecode.swift; path = PhotoConstants.swift; sourceTree = "<group>"; };
/* End PBXFileReference section */

/* Begin PBXFrameworksBuildPhase section */
		FD342F122872273F00E8A398 /* Frameworks */ = {
			isa = PBXFrameworksBuildPhase;
			buildActionMask = 2147483647;
			files = (
				506257E370A600E4BF184A17 /* Pods_StorageService.framework in Frameworks */,
			);
			runOnlyForDeploymentPostprocessing = 0;
		};
		FD342F1B2872274000E8A398 /* Frameworks */ = {
			isa = PBXFrameworksBuildPhase;
			buildActionMask = 2147483647;
			files = (
				FD342F1F2872274000E8A398 /* StorageService.framework in Frameworks */,
				5BAA55617B95371148D95C94 /* Pods_StorageService_StorageServiceTests.framework in Frameworks */,
			);
			runOnlyForDeploymentPostprocessing = 0;
		};
		FD71F6292821854600222F81 /* Frameworks */ = {
			isa = PBXFrameworksBuildPhase;
			buildActionMask = 2147483647;
			files = (
				FDA1EB9C287ADBE2008DB36D /* iOSIntPackage in Frameworks */,
				FD342F2A2872274000E8A398 /* StorageService.framework in Frameworks */,
				ED9182082F94AF0DEEB06ACD /* Pods_Navigation.framework in Frameworks */,
			);
			runOnlyForDeploymentPostprocessing = 0;
		};
/* End PBXFrameworksBuildPhase section */

/* Begin PBXGroup section */
		D8793D08C76960B939DBDD40 /* Pods */ = {
			isa = PBXGroup;
			children = (
				88BDEBC4443F1AE64DCFC73F /* Pods-Navigation.debug.xcconfig */,
				1F2BDBC440F3C2B151766985 /* Pods-Navigation.release.xcconfig */,
				37B2530415C4BEA3A81F1416 /* Pods-StorageService.debug.xcconfig */,
				C1E3CA45374FFC33E857989B /* Pods-StorageService.release.xcconfig */,
				E6E67EB2936EB93AEB2BEB95 /* Pods-StorageService-StorageServiceTests.debug.xcconfig */,
				A02FFC10ECFACFFA197670E9 /* Pods-StorageService-StorageServiceTests.release.xcconfig */,
			);
			path = Pods;
			sourceTree = "<group>";
		};
		DBD22DA327623958D1241F62 /* Frameworks */ = {
			isa = PBXGroup;
			children = (
				6B6C861E0E71B4D0309903DA /* Pods_Navigation.framework */,
				578720B54FD8BBFA4D5A4A9A /* Pods_StorageService.framework */,
				5D65F791F6B049CF3FDD68A8 /* Pods_StorageService_StorageServiceTests.framework */,
			);
			name = Frameworks;
			sourceTree = "<group>";
		};
		FD342F162872273F00E8A398 /* StorageService */ = {
			isa = PBXGroup;
			children = (
				FD342F172872273F00E8A398 /* StorageService.h */,
				FD342F182872273F00E8A398 /* StorageService.docc */,
			);
			path = StorageService;
			sourceTree = "<group>";
		};
		FD342F242872274000E8A398 /* StorageServiceTests */ = {
			isa = PBXGroup;
			children = (
				FD342F252872274000E8A398 /* StorageServiceTests.swift */,
			);
			path = StorageServiceTests;
			sourceTree = "<group>";
		};
		FD71F6232821854600222F81 = {
			isa = PBXGroup;
			children = (
				FD71F62E2821854600222F81 /* Navigation */,
				FD342F162872273F00E8A398 /* StorageService */,
				FD342F242872274000E8A398 /* StorageServiceTests */,
				FD71F62D2821854600222F81 /* Products */,
				D8793D08C76960B939DBDD40 /* Pods */,
				DBD22DA327623958D1241F62 /* Frameworks */,
			);
			sourceTree = "<group>";
		};
		FD71F62D2821854600222F81 /* Products */ = {
			isa = PBXGroup;
			children = (
				FD71F62C2821854600222F81 /* Navigation.app */,
				FD342F152872273F00E8A398 /* StorageService.framework */,
				FD342F1E2872274000E8A398 /* StorageServiceTests.xctest */,
			);
			name = Products;
			sourceTree = "<group>";
		};
		FD71F62E2821854600222F81 /* Navigation */ = {
			isa = PBXGroup;
			children = (
				FD71F62F2821854600222F81 /* AppDelegate.swift */,
				FD71F6312821854600222F81 /* SceneDelegate.swift */,
				FD71F6332821854600222F81 /* ViewController.swift */,
				FD71F64D2822FD6600222F81 /* FeedViewController.swift */,
				FD71F6532822FE0F00222F81 /* InfoViewController.swift */,
				FD71F6382821854700222F81 /* Assets.xcassets */,
				FD71F63A2821854700222F81 /* LaunchScreen.storyboard */,
				FD71F63D2821854700222F81 /* Info.plist */,
				FD71F6AC2855246000222F81 /* CustomUITextField.swift */,
				FD71F6B22855487700222F81 /* UIView+Extention.swift */,
				FD7A5C99287235500000D1F6 /* Post */,
				FD71F6572827E15E00222F81 /* Profile */,
				FDF3ADD9285E5C6100FF7292 /* Photos */,
				FDA1EBA9287E0EB2008DB36D /* User */,
			);
			path = Navigation;
			sourceTree = "<group>";
		};
		FD71F6572827E15E00222F81 /* Profile */ = {
			isa = PBXGroup;
			children = (
				FD71F65A2827E1B300222F81 /* ProfileHeaderView.swift */,
				FD71F64F2822FD7E00222F81 /* ProfileViewController.swift */,
				FD71F6A82854849D00222F81 /* LogInViewController.swift */,
			);
			path = Profile;
			sourceTree = "<group>";
		};
		FD7A5C99287235500000D1F6 /* Post */ = {
			isa = PBXGroup;
			children = (
				FD71F6552827D93900222F81 /* Post.swift */,
				FD71F6512822FDF100222F81 /* PostViewController.swift */,
				FD71F6AE285529A700222F81 /* PostModel.swift */,
				FD71F6B028553E2C00222F81 /* PostTableViewCell.swift */,
			);
			path = Post;
			sourceTree = "<group>";
		};
		FDA1EBA9287E0EB2008DB36D /* User */ = {
			isa = PBXGroup;
			children = (
				FDA1EB9F287CB040008DB36D /* User.swift */,
				FDA1EBA1287CB0CB008DB36D /* UserService.swift */,
				FDA1EBA3287CB191008DB36D /* CurrentUserService.swift */,
				FDA1EBA7287E0EAD008DB36D /* TestUserService.swift */,
			);
			path = User;
			sourceTree = "<group>";
		};
		FDF3ADD9285E5C6100FF7292 /* Photos */ = {
			isa = PBXGroup;
			children = (
				FDF3AE002865A8CD00FF7292 /* PhotoConstants.swift */,
				FD71F6DC285BC4BD00222F81 /* PhotoModel.swift */,
				FD71F6DE285BC63200222F81 /* PhotosTableViewCell.swift */,
				FDF3ADDE285FA15A00FF7292 /* MiniPhotosCollectionViewCell.swift */,
				FDF3ADDC285E6B5100FF7292 /* PhotosCollectionViewCell.swift */,
				FDF3ADDA285E659600FF7292 /* PhotosViewController.swift */,
			);
			path = Photos;
			sourceTree = "<group>";
		};
/* End PBXGroup section */

/* Begin PBXHeadersBuildPhase section */
		FD342F102872273F00E8A398 /* Headers */ = {
			isa = PBXHeadersBuildPhase;
			buildActionMask = 2147483647;
			files = (
				FD342F272872274000E8A398 /* StorageService.h in Headers */,
			);
			runOnlyForDeploymentPostprocessing = 0;
		};
/* End PBXHeadersBuildPhase section */

/* Begin PBXNativeTarget section */
		FD342F142872273F00E8A398 /* StorageService */ = {
			isa = PBXNativeTarget;
			buildConfigurationList = FD342F2C2872274000E8A398 /* Build configuration list for PBXNativeTarget "StorageService" */;
			buildPhases = (
				C7200F36F74B581EC8C99CEF /* [CP] Check Pods Manifest.lock */,
				FD342F102872273F00E8A398 /* Headers */,
				FD342F112872273F00E8A398 /* Sources */,
				FD342F122872273F00E8A398 /* Frameworks */,
				FD342F132872273F00E8A398 /* Resources */,
			);
			buildRules = (
			);
			dependencies = (
			);
			name = StorageService;
			productName = StorageService;
			productReference = FD342F152872273F00E8A398 /* StorageService.framework */;
			productType = "com.apple.product-type.framework";
		};
		FD342F1D2872274000E8A398 /* StorageServiceTests */ = {
			isa = PBXNativeTarget;
			buildConfigurationList = FD342F302872274000E8A398 /* Build configuration list for PBXNativeTarget "StorageServiceTests" */;
			buildPhases = (
				7C9694DBF9BFF4763FF62DEA /* [CP] Check Pods Manifest.lock */,
				FD342F1A2872274000E8A398 /* Sources */,
				FD342F1B2872274000E8A398 /* Frameworks */,
				FD342F1C2872274000E8A398 /* Resources */,
			);
			buildRules = (
			);
			dependencies = (
				FD342F212872274000E8A398 /* PBXTargetDependency */,
				FD342F232872274000E8A398 /* PBXTargetDependency */,
			);
			name = StorageServiceTests;
			productName = StorageServiceTests;
			productReference = FD342F1E2872274000E8A398 /* StorageServiceTests.xctest */;
			productType = "com.apple.product-type.bundle.unit-test";
		};
		FD71F62B2821854600222F81 /* Navigation */ = {
			isa = PBXNativeTarget;
			buildConfigurationList = FD71F6402821854700222F81 /* Build configuration list for PBXNativeTarget "Navigation" */;
			buildPhases = (
				2DCF379E2651030CE3CAB3A8 /* [CP] Check Pods Manifest.lock */,
				FD71F6282821854600222F81 /* Sources */,
				FD71F6292821854600222F81 /* Frameworks */,
				FD71F62A2821854600222F81 /* Resources */,
				FD342F2F2872274000E8A398 /* Embed Frameworks */,
				A8AA2D409C60ABA1EA5B2F28 /* [CP] Embed Pods Frameworks */,
			);
			buildRules = (
			);
			dependencies = (
				FD342F292872274000E8A398 /* PBXTargetDependency */,
			);
			name = Navigation;
			packageProductDependencies = (
				FDA1EB9B287ADBE2008DB36D /* iOSIntPackage */,
			);
			productName = Navigation;
			productReference = FD71F62C2821854600222F81 /* Navigation.app */;
			productType = "com.apple.product-type.application";
		};
/* End PBXNativeTarget section */

/* Begin PBXProject section */
		FD71F6242821854600222F81 /* Project object */ = {
			isa = PBXProject;
			attributes = {
				BuildIndependentTargetsInParallel = 1;
				LastSwiftUpdateCheck = 1340;
				LastUpgradeCheck = 1320;
				TargetAttributes = {
					FD342F142872273F00E8A398 = {
						CreatedOnToolsVersion = 13.4.1;
					};
					FD342F1D2872274000E8A398 = {
						CreatedOnToolsVersion = 13.4.1;
						TestTargetID = FD71F62B2821854600222F81;
					};
					FD71F62B2821854600222F81 = {
						CreatedOnToolsVersion = 13.2.1;
					};
				};
			};
			buildConfigurationList = FD71F6272821854600222F81 /* Build configuration list for PBXProject "Navigation" */;
			compatibilityVersion = "Xcode 13.0";
			developmentRegion = en;
			hasScannedForEncodings = 0;
			knownRegions = (
				en,
				Base,
			);
			mainGroup = FD71F6232821854600222F81;
			packageReferences = (
				FDA1EB9A287ADBE2008DB36D /* XCRemoteSwiftPackageReference "iOSIntPackage" */,
			);
			productRefGroup = FD71F62D2821854600222F81 /* Products */;
			projectDirPath = "";
			projectRoot = "";
			targets = (
				FD71F62B2821854600222F81 /* Navigation */,
				FD342F142872273F00E8A398 /* StorageService */,
				FD342F1D2872274000E8A398 /* StorageServiceTests */,
			);
		};
/* End PBXProject section */

/* Begin PBXResourcesBuildPhase section */
		FD342F132872273F00E8A398 /* Resources */ = {
			isa = PBXResourcesBuildPhase;
			buildActionMask = 2147483647;
			files = (
			);
			runOnlyForDeploymentPostprocessing = 0;
		};
		FD342F1C2872274000E8A398 /* Resources */ = {
			isa = PBXResourcesBuildPhase;
			buildActionMask = 2147483647;
			files = (
			);
			runOnlyForDeploymentPostprocessing = 0;
		};
		FD71F62A2821854600222F81 /* Resources */ = {
			isa = PBXResourcesBuildPhase;
			buildActionMask = 2147483647;
			files = (
				FD71F63C2821854700222F81 /* LaunchScreen.storyboard in Resources */,
				FD71F6392821854700222F81 /* Assets.xcassets in Resources */,
			);
			runOnlyForDeploymentPostprocessing = 0;
		};
/* End PBXResourcesBuildPhase section */

/* Begin PBXShellScriptBuildPhase section */
		2DCF379E2651030CE3CAB3A8 /* [CP] Check Pods Manifest.lock */ = {
			isa = PBXShellScriptBuildPhase;
			buildActionMask = 2147483647;
			files = (
			);
			inputFileListPaths = (
			);
			inputPaths = (
				"${PODS_PODFILE_DIR_PATH}/Podfile.lock",
				"${PODS_ROOT}/Manifest.lock",
			);
			name = "[CP] Check Pods Manifest.lock";
			outputFileListPaths = (
			);
			outputPaths = (
				"$(DERIVED_FILE_DIR)/Pods-Navigation-checkManifestLockResult.txt",
			);
			runOnlyForDeploymentPostprocessing = 0;
			shellPath = /bin/sh;
			shellScript = "diff \"${PODS_PODFILE_DIR_PATH}/Podfile.lock\" \"${PODS_ROOT}/Manifest.lock\" > /dev/null\nif [ $? != 0 ] ; then\n    # print error to STDERR\n    echo \"error: The sandbox is not in sync with the Podfile.lock. Run 'pod install' or update your CocoaPods installation.\" >&2\n    exit 1\nfi\n# This output is used by Xcode 'outputs' to avoid re-running this script phase.\necho \"SUCCESS\" > \"${SCRIPT_OUTPUT_FILE_0}\"\n";
			showEnvVarsInLog = 0;
		};
		7C9694DBF9BFF4763FF62DEA /* [CP] Check Pods Manifest.lock */ = {
			isa = PBXShellScriptBuildPhase;
			buildActionMask = 2147483647;
			files = (
			);
			inputFileListPaths = (
			);
			inputPaths = (
				"${PODS_PODFILE_DIR_PATH}/Podfile.lock",
				"${PODS_ROOT}/Manifest.lock",
			);
			name = "[CP] Check Pods Manifest.lock";
			outputFileListPaths = (
			);
			outputPaths = (
				"$(DERIVED_FILE_DIR)/Pods-StorageService-StorageServiceTests-checkManifestLockResult.txt",
			);
			runOnlyForDeploymentPostprocessing = 0;
			shellPath = /bin/sh;
			shellScript = "diff \"${PODS_PODFILE_DIR_PATH}/Podfile.lock\" \"${PODS_ROOT}/Manifest.lock\" > /dev/null\nif [ $? != 0 ] ; then\n    # print error to STDERR\n    echo \"error: The sandbox is not in sync with the Podfile.lock. Run 'pod install' or update your CocoaPods installation.\" >&2\n    exit 1\nfi\n# This output is used by Xcode 'outputs' to avoid re-running this script phase.\necho \"SUCCESS\" > \"${SCRIPT_OUTPUT_FILE_0}\"\n";
			showEnvVarsInLog = 0;
		};
		A8AA2D409C60ABA1EA5B2F28 /* [CP] Embed Pods Frameworks */ = {
			isa = PBXShellScriptBuildPhase;
			buildActionMask = 2147483647;
			files = (
			);
			inputFileListPaths = (
				"${PODS_ROOT}/Target Support Files/Pods-Navigation/Pods-Navigation-frameworks-${CONFIGURATION}-input-files.xcfilelist",
			);
			name = "[CP] Embed Pods Frameworks";
			outputFileListPaths = (
				"${PODS_ROOT}/Target Support Files/Pods-Navigation/Pods-Navigation-frameworks-${CONFIGURATION}-output-files.xcfilelist",
			);
			runOnlyForDeploymentPostprocessing = 0;
			shellPath = /bin/sh;
			shellScript = "\"${PODS_ROOT}/Target Support Files/Pods-Navigation/Pods-Navigation-frameworks.sh\"\n";
			showEnvVarsInLog = 0;
		};
		C7200F36F74B581EC8C99CEF /* [CP] Check Pods Manifest.lock */ = {
			isa = PBXShellScriptBuildPhase;
			buildActionMask = 2147483647;
			files = (
			);
			inputFileListPaths = (
			);
			inputPaths = (
				"${PODS_PODFILE_DIR_PATH}/Podfile.lock",
				"${PODS_ROOT}/Manifest.lock",
			);
			name = "[CP] Check Pods Manifest.lock";
			outputFileListPaths = (
			);
			outputPaths = (
				"$(DERIVED_FILE_DIR)/Pods-StorageService-checkManifestLockResult.txt",
			);
			runOnlyForDeploymentPostprocessing = 0;
			shellPath = /bin/sh;
			shellScript = "diff \"${PODS_PODFILE_DIR_PATH}/Podfile.lock\" \"${PODS_ROOT}/Manifest.lock\" > /dev/null\nif [ $? != 0 ] ; then\n    # print error to STDERR\n    echo \"error: The sandbox is not in sync with the Podfile.lock. Run 'pod install' or update your CocoaPods installation.\" >&2\n    exit 1\nfi\n# This output is used by Xcode 'outputs' to avoid re-running this script phase.\necho \"SUCCESS\" > \"${SCRIPT_OUTPUT_FILE_0}\"\n";
			showEnvVarsInLog = 0;
		};
/* End PBXShellScriptBuildPhase section */

/* Begin PBXSourcesBuildPhase section */
		FD342F112872273F00E8A398 /* Sources */ = {
			isa = PBXSourcesBuildPhase;
			buildActionMask = 2147483647;
			files = (
				FD342F192872273F00E8A398 /* StorageService.docc in Sources */,
				FD7A5C9B2872356C0000D1F6 /* Post.swift in Sources */,
			);
			runOnlyForDeploymentPostprocessing = 0;
		};
		FD342F1A2872274000E8A398 /* Sources */ = {
			isa = PBXSourcesBuildPhase;
			buildActionMask = 2147483647;
			files = (
				FD342F262872274000E8A398 /* StorageServiceTests.swift in Sources */,
			);
			runOnlyForDeploymentPostprocessing = 0;
		};
		FD71F6282821854600222F81 /* Sources */ = {
			isa = PBXSourcesBuildPhase;
			buildActionMask = 2147483647;
			files = (
				FD7A5C97287235400000D1F6 /* PostViewController.swift in Sources */,
				FDF3ADDB285E659700FF7292 /* PhotosViewController.swift in Sources */,
				FD71F6DD285BC4BD00222F81 /* PhotoModel.swift in Sources */,
				FD7A5C96287235400000D1F6 /* PostTableViewCell.swift in Sources */,
				FDF3ADDF285FA15A00FF7292 /* MiniPhotosCollectionViewCell.swift in Sources */,
				FD71F6DF285BC63200222F81 /* PhotosTableViewCell.swift in Sources */,
				FD71F6B32855487700222F81 /* UIView+Extention.swift in Sources */,
				FD71F6342821854600222F81 /* ViewController.swift in Sources */,
				FDA1EBA0287CB040008DB36D /* User.swift in Sources */,
				FD71F6302821854600222F81 /* AppDelegate.swift in Sources */,
				FDA1EBA4287CB191008DB36D /* CurrentUserService.swift in Sources */,
				FD71F6AD2855246000222F81 /* CustomUITextField.swift in Sources */,
				FDF3ADDD285E6B5100FF7292 /* PhotosCollectionViewCell.swift in Sources */,
				FD71F65B2827E1B300222F81 /* ProfileHeaderView.swift in Sources */,
				FDF3AE012865A8CD00FF7292 /* PhotoConstants.swift in Sources */,
				FDA1EBA8287E0EAD008DB36D /* TestUserService.swift in Sources */,
				FDA1EBA2287CB0CB008DB36D /* UserService.swift in Sources */,
				FD71F6502822FD7E00222F81 /* ProfileViewController.swift in Sources */,
				FD7A5C98287235400000D1F6 /* PostModel.swift in Sources */,
				FD71F64E2822FD6600222F81 /* FeedViewController.swift in Sources */,
				FD71F6A92854849D00222F81 /* LogInViewController.swift in Sources */,
				FD71F6322821854600222F81 /* SceneDelegate.swift in Sources */,
				FD7A5C92287234EB0000D1F6 /* InfoViewController.swift in Sources */,
			);
			runOnlyForDeploymentPostprocessing = 0;
		};
/* End PBXSourcesBuildPhase section */

/* Begin PBXTargetDependency section */
		FD342F212872274000E8A398 /* PBXTargetDependency */ = {
			isa = PBXTargetDependency;
			target = FD342F142872273F00E8A398 /* StorageService */;
			targetProxy = FD342F202872274000E8A398 /* PBXContainerItemProxy */;
		};
		FD342F232872274000E8A398 /* PBXTargetDependency */ = {
			isa = PBXTargetDependency;
			target = FD71F62B2821854600222F81 /* Navigation */;
			targetProxy = FD342F222872274000E8A398 /* PBXContainerItemProxy */;
		};
		FD342F292872274000E8A398 /* PBXTargetDependency */ = {
			isa = PBXTargetDependency;
			target = FD342F142872273F00E8A398 /* StorageService */;
			targetProxy = FD342F282872274000E8A398 /* PBXContainerItemProxy */;
		};
/* End PBXTargetDependency section */

/* Begin PBXVariantGroup section */
		FD71F63A2821854700222F81 /* LaunchScreen.storyboard */ = {
			isa = PBXVariantGroup;
			children = (
				FD71F63B2821854700222F81 /* Base */,
			);
			name = LaunchScreen.storyboard;
			sourceTree = "<group>";
		};
/* End PBXVariantGroup section */

/* Begin XCBuildConfiguration section */
		FD342F2D2872274000E8A398 /* Debug */ = {
			isa = XCBuildConfiguration;
			baseConfigurationReference = 37B2530415C4BEA3A81F1416 /* Pods-StorageService.debug.xcconfig */;
			buildSettings = {
				CODE_SIGN_STYLE = Automatic;
				CURRENT_PROJECT_VERSION = 1;
				DEFINES_MODULE = YES;
				DYLIB_COMPATIBILITY_VERSION = 1;
				DYLIB_CURRENT_VERSION = 1;
				DYLIB_INSTALL_NAME_BASE = "@rpath";
				GENERATE_INFOPLIST_FILE = YES;
				INFOPLIST_KEY_NSHumanReadableCopyright = "";
				INSTALL_PATH = "$(LOCAL_LIBRARY_DIR)/Frameworks";
				IPHONEOS_DEPLOYMENT_TARGET = 14.0;
				LD_RUNPATH_SEARCH_PATHS = (
					"$(inherited)",
					"@executable_path/Frameworks",
					"@loader_path/Frameworks",
				);
				MARKETING_VERSION = 1.0;
				PRODUCT_BUNDLE_IDENTIFIER = niyaz.StorageService;
				PRODUCT_NAME = "$(TARGET_NAME:c99extidentifier)";
				SKIP_INSTALL = YES;
				SWIFT_EMIT_LOC_STRINGS = YES;
				SWIFT_VERSION = 5.0;
				TARGETED_DEVICE_FAMILY = "1,2";
				VERSIONING_SYSTEM = "apple-generic";
				VERSION_INFO_PREFIX = "";
			};
			name = Debug;
		};
		FD342F2E2872274000E8A398 /* Release */ = {
			isa = XCBuildConfiguration;
			baseConfigurationReference = C1E3CA45374FFC33E857989B /* Pods-StorageService.release.xcconfig */;
			buildSettings = {
				CODE_SIGN_STYLE = Automatic;
				CURRENT_PROJECT_VERSION = 1;
				DEFINES_MODULE = YES;
				DYLIB_COMPATIBILITY_VERSION = 1;
				DYLIB_CURRENT_VERSION = 1;
				DYLIB_INSTALL_NAME_BASE = "@rpath";
				GENERATE_INFOPLIST_FILE = YES;
				INFOPLIST_KEY_NSHumanReadableCopyright = "";
				INSTALL_PATH = "$(LOCAL_LIBRARY_DIR)/Frameworks";
				IPHONEOS_DEPLOYMENT_TARGET = 14.0;
				LD_RUNPATH_SEARCH_PATHS = (
					"$(inherited)",
					"@executable_path/Frameworks",
					"@loader_path/Frameworks",
				);
				MARKETING_VERSION = 1.0;
				PRODUCT_BUNDLE_IDENTIFIER = niyaz.StorageService;
				PRODUCT_NAME = "$(TARGET_NAME:c99extidentifier)";
				SKIP_INSTALL = YES;
				SWIFT_EMIT_LOC_STRINGS = YES;
				SWIFT_VERSION = 5.0;
				TARGETED_DEVICE_FAMILY = "1,2";
				VERSIONING_SYSTEM = "apple-generic";
				VERSION_INFO_PREFIX = "";
			};
			name = Release;
		};
		FD342F312872274000E8A398 /* Debug */ = {
			isa = XCBuildConfiguration;
			baseConfigurationReference = E6E67EB2936EB93AEB2BEB95 /* Pods-StorageService-StorageServiceTests.debug.xcconfig */;
			buildSettings = {
				ALWAYS_EMBED_SWIFT_STANDARD_LIBRARIES = YES;
				CODE_SIGN_STYLE = Automatic;
				CURRENT_PROJECT_VERSION = 1;
				GENERATE_INFOPLIST_FILE = YES;
				IPHONEOS_DEPLOYMENT_TARGET = 15.5;
				MARKETING_VERSION = 1.0;
				PRODUCT_BUNDLE_IDENTIFIER = niyaz.StorageServiceTests;
				PRODUCT_NAME = "$(TARGET_NAME)";
				SWIFT_EMIT_LOC_STRINGS = NO;
				SWIFT_VERSION = 5.0;
				TARGETED_DEVICE_FAMILY = "1,2";
				TEST_HOST = "$(BUILT_PRODUCTS_DIR)/Navigation.app/Navigation";
			};
			name = Debug;
		};
		FD342F322872274000E8A398 /* Release */ = {
			isa = XCBuildConfiguration;
			baseConfigurationReference = A02FFC10ECFACFFA197670E9 /* Pods-StorageService-StorageServiceTests.release.xcconfig */;
			buildSettings = {
				ALWAYS_EMBED_SWIFT_STANDARD_LIBRARIES = YES;
				CODE_SIGN_STYLE = Automatic;
				CURRENT_PROJECT_VERSION = 1;
				GENERATE_INFOPLIST_FILE = YES;
				IPHONEOS_DEPLOYMENT_TARGET = 15.5;
				MARKETING_VERSION = 1.0;
				PRODUCT_BUNDLE_IDENTIFIER = niyaz.StorageServiceTests;
				PRODUCT_NAME = "$(TARGET_NAME)";
				SWIFT_EMIT_LOC_STRINGS = NO;
				SWIFT_VERSION = 5.0;
				TARGETED_DEVICE_FAMILY = "1,2";
				TEST_HOST = "$(BUILT_PRODUCTS_DIR)/Navigation.app/Navigation";
			};
			name = Release;
		};
		FD71F63E2821854700222F81 /* Debug */ = {
			isa = XCBuildConfiguration;
			buildSettings = {
				ALWAYS_SEARCH_USER_PATHS = NO;
				CLANG_ANALYZER_NONNULL = YES;
				CLANG_ANALYZER_NUMBER_OBJECT_CONVERSION = YES_AGGRESSIVE;
				CLANG_CXX_LANGUAGE_STANDARD = "gnu++17";
				CLANG_CXX_LIBRARY = "libc++";
				CLANG_ENABLE_MODULES = YES;
				CLANG_ENABLE_OBJC_ARC = YES;
				CLANG_ENABLE_OBJC_WEAK = YES;
				CLANG_WARN_BLOCK_CAPTURE_AUTORELEASING = YES;
				CLANG_WARN_BOOL_CONVERSION = YES;
				CLANG_WARN_COMMA = YES;
				CLANG_WARN_CONSTANT_CONVERSION = YES;
				CLANG_WARN_DEPRECATED_OBJC_IMPLEMENTATIONS = YES;
				CLANG_WARN_DIRECT_OBJC_ISA_USAGE = YES_ERROR;
				CLANG_WARN_DOCUMENTATION_COMMENTS = YES;
				CLANG_WARN_EMPTY_BODY = YES;
				CLANG_WARN_ENUM_CONVERSION = YES;
				CLANG_WARN_INFINITE_RECURSION = YES;
				CLANG_WARN_INT_CONVERSION = YES;
				CLANG_WARN_NON_LITERAL_NULL_CONVERSION = YES;
				CLANG_WARN_OBJC_IMPLICIT_RETAIN_SELF = YES;
				CLANG_WARN_OBJC_LITERAL_CONVERSION = YES;
				CLANG_WARN_OBJC_ROOT_CLASS = YES_ERROR;
				CLANG_WARN_QUOTED_INCLUDE_IN_FRAMEWORK_HEADER = YES;
				CLANG_WARN_RANGE_LOOP_ANALYSIS = YES;
				CLANG_WARN_STRICT_PROTOTYPES = YES;
				CLANG_WARN_SUSPICIOUS_MOVE = YES;
				CLANG_WARN_UNGUARDED_AVAILABILITY = YES_AGGRESSIVE;
				CLANG_WARN_UNREACHABLE_CODE = YES;
				CLANG_WARN__DUPLICATE_METHOD_MATCH = YES;
				COPY_PHASE_STRIP = NO;
				DEBUG_INFORMATION_FORMAT = dwarf;
				ENABLE_STRICT_OBJC_MSGSEND = YES;
				ENABLE_TESTABILITY = YES;
				GCC_C_LANGUAGE_STANDARD = gnu11;
				GCC_DYNAMIC_NO_PIC = NO;
				GCC_NO_COMMON_BLOCKS = YES;
				GCC_OPTIMIZATION_LEVEL = 0;
				GCC_PREPROCESSOR_DEFINITIONS = (
					"DEBUG=1",
					"$(inherited)",
				);
				GCC_WARN_64_TO_32_BIT_CONVERSION = YES;
				GCC_WARN_ABOUT_RETURN_TYPE = YES_ERROR;
				GCC_WARN_UNDECLARED_SELECTOR = YES;
				GCC_WARN_UNINITIALIZED_AUTOS = YES_AGGRESSIVE;
				GCC_WARN_UNUSED_FUNCTION = YES;
				GCC_WARN_UNUSED_VARIABLE = YES;
				IPHONEOS_DEPLOYMENT_TARGET = 14.0;
				MTL_ENABLE_DEBUG_INFO = INCLUDE_SOURCE;
				MTL_FAST_MATH = YES;
				ONLY_ACTIVE_ARCH = YES;
				SDKROOT = iphoneos;
				SWIFT_ACTIVE_COMPILATION_CONDITIONS = DEBUG;
				SWIFT_OPTIMIZATION_LEVEL = "-Onone";
			};
			name = Debug;
		};
		FD71F63F2821854700222F81 /* Release */ = {
			isa = XCBuildConfiguration;
			buildSettings = {
				ALWAYS_SEARCH_USER_PATHS = NO;
				CLANG_ANALYZER_NONNULL = YES;
				CLANG_ANALYZER_NUMBER_OBJECT_CONVERSION = YES_AGGRESSIVE;
				CLANG_CXX_LANGUAGE_STANDARD = "gnu++17";
				CLANG_CXX_LIBRARY = "libc++";
				CLANG_ENABLE_MODULES = YES;
				CLANG_ENABLE_OBJC_ARC = YES;
				CLANG_ENABLE_OBJC_WEAK = YES;
				CLANG_WARN_BLOCK_CAPTURE_AUTORELEASING = YES;
				CLANG_WARN_BOOL_CONVERSION = YES;
				CLANG_WARN_COMMA = YES;
				CLANG_WARN_CONSTANT_CONVERSION = YES;
				CLANG_WARN_DEPRECATED_OBJC_IMPLEMENTATIONS = YES;
				CLANG_WARN_DIRECT_OBJC_ISA_USAGE = YES_ERROR;
				CLANG_WARN_DOCUMENTATION_COMMENTS = YES;
				CLANG_WARN_EMPTY_BODY = YES;
				CLANG_WARN_ENUM_CONVERSION = YES;
				CLANG_WARN_INFINITE_RECURSION = YES;
				CLANG_WARN_INT_CONVERSION = YES;
				CLANG_WARN_NON_LITERAL_NULL_CONVERSION = YES;
				CLANG_WARN_OBJC_IMPLICIT_RETAIN_SELF = YES;
				CLANG_WARN_OBJC_LITERAL_CONVERSION = YES;
				CLANG_WARN_OBJC_ROOT_CLASS = YES_ERROR;
				CLANG_WARN_QUOTED_INCLUDE_IN_FRAMEWORK_HEADER = YES;
				CLANG_WARN_RANGE_LOOP_ANALYSIS = YES;
				CLANG_WARN_STRICT_PROTOTYPES = YES;
				CLANG_WARN_SUSPICIOUS_MOVE = YES;
				CLANG_WARN_UNGUARDED_AVAILABILITY = YES_AGGRESSIVE;
				CLANG_WARN_UNREACHABLE_CODE = YES;
				CLANG_WARN__DUPLICATE_METHOD_MATCH = YES;
				COPY_PHASE_STRIP = NO;
				DEBUG_INFORMATION_FORMAT = "dwarf-with-dsym";
				ENABLE_NS_ASSERTIONS = NO;
				ENABLE_STRICT_OBJC_MSGSEND = YES;
				GCC_C_LANGUAGE_STANDARD = gnu11;
				GCC_NO_COMMON_BLOCKS = YES;
				GCC_WARN_64_TO_32_BIT_CONVERSION = YES;
				GCC_WARN_ABOUT_RETURN_TYPE = YES_ERROR;
				GCC_WARN_UNDECLARED_SELECTOR = YES;
				GCC_WARN_UNINITIALIZED_AUTOS = YES_AGGRESSIVE;
				GCC_WARN_UNUSED_FUNCTION = YES;
				GCC_WARN_UNUSED_VARIABLE = YES;
				IPHONEOS_DEPLOYMENT_TARGET = 14.0;
				MTL_ENABLE_DEBUG_INFO = NO;
				MTL_FAST_MATH = YES;
				SDKROOT = iphoneos;
				SWIFT_COMPILATION_MODE = wholemodule;
				SWIFT_OPTIMIZATION_LEVEL = "-O";
				VALIDATE_PRODUCT = YES;
			};
			name = Release;
		};
		FD71F6412821854700222F81 /* Debug */ = {
			isa = XCBuildConfiguration;
			baseConfigurationReference = 88BDEBC4443F1AE64DCFC73F /* Pods-Navigation.debug.xcconfig */;
			buildSettings = {
				ALWAYS_EMBED_SWIFT_STANDARD_LIBRARIES = YES;
				ASSETCATALOG_COMPILER_APPICON_NAME = AppIcon;
				ASSETCATALOG_COMPILER_GLOBAL_ACCENT_COLOR_NAME = AccentColor;
				CODE_SIGN_STYLE = Automatic;
				CURRENT_PROJECT_VERSION = 1;
				GENERATE_INFOPLIST_FILE = YES;
				INFOPLIST_FILE = Navigation/Info.plist;
				INFOPLIST_KEY_UIApplicationSupportsIndirectInputEvents = YES;
				INFOPLIST_KEY_UILaunchStoryboardName = LaunchScreen;
				INFOPLIST_KEY_UISupportedInterfaceOrientations = UIInterfaceOrientationPortrait;
				INFOPLIST_KEY_UISupportedInterfaceOrientations_iPad = "UIInterfaceOrientationPortrait UIInterfaceOrientationPortraitUpsideDown UIInterfaceOrientationLandscapeLeft UIInterfaceOrientationLandscapeRight";
				INFOPLIST_KEY_UISupportedInterfaceOrientations_iPhone = "UIInterfaceOrientationPortrait UIInterfaceOrientationLandscapeLeft UIInterfaceOrientationLandscapeRight";
				IPHONEOS_DEPLOYMENT_TARGET = 15.5;
				LD_RUNPATH_SEARCH_PATHS = (
					"$(inherited)",
					"@executable_path/Frameworks",
				);
				MARKETING_VERSION = 1.0;
				PRODUCT_BUNDLE_IDENTIFIER = niyaz.Navigation;
				PRODUCT_NAME = "$(TARGET_NAME)";
				SWIFT_EMIT_LOC_STRINGS = YES;
				SWIFT_VERSION = 5.0;
				TARGETED_DEVICE_FAMILY = 1;
			};
			name = Debug;
		};
		FD71F6422821854700222F81 /* Release */ = {
			isa = XCBuildConfiguration;
			baseConfigurationReference = 1F2BDBC440F3C2B151766985 /* Pods-Navigation.release.xcconfig */;
			buildSettings = {
				ALWAYS_EMBED_SWIFT_STANDARD_LIBRARIES = YES;
				ASSETCATALOG_COMPILER_APPICON_NAME = AppIcon;
				ASSETCATALOG_COMPILER_GLOBAL_ACCENT_COLOR_NAME = AccentColor;
				CODE_SIGN_STYLE = Automatic;
				CURRENT_PROJECT_VERSION = 1;
				GENERATE_INFOPLIST_FILE = YES;
				INFOPLIST_FILE = Navigation/Info.plist;
				INFOPLIST_KEY_UIApplicationSupportsIndirectInputEvents = YES;
				INFOPLIST_KEY_UILaunchStoryboardName = LaunchScreen;
				INFOPLIST_KEY_UISupportedInterfaceOrientations = UIInterfaceOrientationPortrait;
				INFOPLIST_KEY_UISupportedInterfaceOrientations_iPad = "UIInterfaceOrientationPortrait UIInterfaceOrientationPortraitUpsideDown UIInterfaceOrientationLandscapeLeft UIInterfaceOrientationLandscapeRight";
				INFOPLIST_KEY_UISupportedInterfaceOrientations_iPhone = "UIInterfaceOrientationPortrait UIInterfaceOrientationLandscapeLeft UIInterfaceOrientationLandscapeRight";
				IPHONEOS_DEPLOYMENT_TARGET = 15.5;
				LD_RUNPATH_SEARCH_PATHS = (
					"$(inherited)",
					"@executable_path/Frameworks",
				);
				MARKETING_VERSION = 1.0;
				PRODUCT_BUNDLE_IDENTIFIER = niyaz.Navigation;
				PRODUCT_NAME = "$(TARGET_NAME)";
				SWIFT_EMIT_LOC_STRINGS = YES;
				SWIFT_VERSION = 5.0;
				TARGETED_DEVICE_FAMILY = 1;
			};
			name = Release;
		};
/* End XCBuildConfiguration section */

/* Begin XCConfigurationList section */
		FD342F2C2872274000E8A398 /* Build configuration list for PBXNativeTarget "StorageService" */ = {
			isa = XCConfigurationList;
			buildConfigurations = (
				FD342F2D2872274000E8A398 /* Debug */,
				FD342F2E2872274000E8A398 /* Release */,
			);
			defaultConfigurationIsVisible = 0;
			defaultConfigurationName = Release;
		};
		FD342F302872274000E8A398 /* Build configuration list for PBXNativeTarget "StorageServiceTests" */ = {
			isa = XCConfigurationList;
			buildConfigurations = (
				FD342F312872274000E8A398 /* Debug */,
				FD342F322872274000E8A398 /* Release */,
			);
			defaultConfigurationIsVisible = 0;
			defaultConfigurationName = Release;
		};
		FD71F6272821854600222F81 /* Build configuration list for PBXProject "Navigation" */ = {
			isa = XCConfigurationList;
			buildConfigurations = (
				FD71F63E2821854700222F81 /* Debug */,
				FD71F63F2821854700222F81 /* Release */,
			);
			defaultConfigurationIsVisible = 0;
			defaultConfigurationName = Release;
		};
		FD71F6402821854700222F81 /* Build configuration list for PBXNativeTarget "Navigation" */ = {
			isa = XCConfigurationList;
			buildConfigurations = (
				FD71F6412821854700222F81 /* Debug */,
				FD71F6422821854700222F81 /* Release */,
			);
			defaultConfigurationIsVisible = 0;
			defaultConfigurationName = Release;
		};
/* End XCConfigurationList section */

/* Begin XCRemoteSwiftPackageReference section */
		FDA1EB9A287ADBE2008DB36D /* XCRemoteSwiftPackageReference "iOSIntPackage" */ = {
			isa = XCRemoteSwiftPackageReference;
			repositoryURL = "https://github.com/TrueMax/iOSIntPackage";
			requirement = {
				kind = upToNextMinorVersion;
				minimumVersion = 2.2.0;
			};
		};
/* End XCRemoteSwiftPackageReference section */

/* Begin XCSwiftPackageProductDependency section */
		FDA1EB9B287ADBE2008DB36D /* iOSIntPackage */ = {
			isa = XCSwiftPackageProductDependency;
			package = FDA1EB9A287ADBE2008DB36D /* XCRemoteSwiftPackageReference "iOSIntPackage" */;
			productName = iOSIntPackage;
		};
/* End XCSwiftPackageProductDependency section */
	};
	rootObject = FD71F6242821854600222F81 /* Project object */;
}
